
Microsoft Visual Studio Solution File, Format Version 12.00
# Visual Studio Version 17
VisualStudioVersion = 17.7.34221.43
MinimumVisualStudioVersion = 10.0.40219.1
Project("{FAE04EC0-301F-11D3-BF4B-00C04F79EFBC}") = "Client.API", "Client.API.csproj", "{4BA6A515-19C5-4E80-AA5A-295AC9056B26}"
EndProject
Global
	GlobalSection(SolutionConfigurationPlatforms) = preSolution
		Debug|Any CPU = Debug|Any CPU
		Release|Any CPU = Release|Any CPU
	EndGlobalSection
	GlobalSection(ProjectConfigurationPlatforms) = postSolution
		{4BA6A515-19C5-4E80-AA5A-295AC9056B26}.Debug|Any CPU.ActiveCfg = Debug|Any CPU
		{4BA6A515-19C5-4E80-AA5A-295AC9056B26}.Debug|Any CPU.Build.0 = Debug|Any CPU
		{4BA6A515-19C5-4E80-AA5A-295AC9056B26}.Release|Any CPU.ActiveCfg = Release|Any CPU
		{4BA6A515-19C5-4E80-AA5A-295AC9056B26}.Release|Any CPU.Build.0 = Release|Any CPU
	EndGlobalSection
	GlobalSection(SolutionProperties) = preSolution
		HideSolutionNode = FALSE
	EndGlobalSection
	GlobalSection(ExtensibilityGlobals) = postSolution
		SolutionGuid = {C2BD15A3-6BD4-421F-AF94-0F1F7EB8267A}
	EndGlobalSection
EndGlobal
