
Microsoft Visual Studio Solution File, Format Version 12.00
# Visual Studio Version 17
VisualStudioVersion = 17.7.34031.279
MinimumVisualStudioVersion = 10.0.40219.1
Project("{9A19103F-16F7-4668-BE54-9A1E7A4F7556}") = "Lab_1", "Lab_1\Lab_1.csproj", "{B2F1D9AC-0730-440D-854E-F966502C0E8B}"
EndProject
Project("{9A19103F-16F7-4668-BE54-9A1E7A4F7556}") = "Lab_2", "Lab_2\Lab_2.csproj", "{A93C6208-318A-49C4-9E5C-C7E78A8E386F}"
EndProject
Project("{9A19103F-16F7-4668-BE54-9A1E7A4F7556}") = "Lab_3", "Lab_3\Lab_3.csproj", "{2C87A3AB-AFED-4974-85E6-BFF21BBBCAEE}"
EndProject
Project("{9A19103F-16F7-4668-BE54-9A1E7A4F7556}") = "Lab_5", "Lab_5\Lab_5.csproj", "{031F0799-0E22-4360-BC45-B1474CF7965D}"
EndProject
Project("{9A19103F-16F7-4668-BE54-9A1E7A4F7556}") = "Lab_4_SocketServerMT", "Lab_4\Lab_4_SocketServerMT.csproj", "{7A813CB6-4589-4FE1-94C3-8D77761C3C72}"
EndProject
Project("{9A19103F-16F7-4668-BE54-9A1E7A4F7556}") = "Lab_4_SocketClientMT", "Lab_4_SocketClientMT\Lab_4_SocketClientMT.csproj", "{FBA356F7-85C1-4D9E-A19D-D0336338631C}"
EndProject
Project("{FAE04EC0-301F-11D3-BF4B-00C04F79EFBC}") = "Lab_6", "Lab_6\Lab_6.csproj", "{DD81C07B-48BA-4670-99FF-9C850A41FF27}"
EndProject
Global
	GlobalSection(SolutionConfigurationPlatforms) = preSolution
		Debug|Any CPU = Debug|Any CPU
		Release|Any CPU = Release|Any CPU
	EndGlobalSection
	GlobalSection(ProjectConfigurationPlatforms) = postSolution
		{B2F1D9AC-0730-440D-854E-F966502C0E8B}.Debug|Any CPU.ActiveCfg = Debug|Any CPU
		{B2F1D9AC-0730-440D-854E-F966502C0E8B}.Debug|Any CPU.Build.0 = Debug|Any CPU
		{B2F1D9AC-0730-440D-854E-F966502C0E8B}.Release|Any CPU.ActiveCfg = Release|Any CPU
		{B2F1D9AC-0730-440D-854E-F966502C0E8B}.Release|Any CPU.Build.0 = Release|Any CPU
		{A93C6208-318A-49C4-9E5C-C7E78A8E386F}.Debug|Any CPU.ActiveCfg = Debug|Any CPU
		{A93C6208-318A-49C4-9E5C-C7E78A8E386F}.Debug|Any CPU.Build.0 = Debug|Any CPU
		{A93C6208-318A-49C4-9E5C-C7E78A8E386F}.Release|Any CPU.ActiveCfg = Release|Any CPU
		{A93C6208-318A-49C4-9E5C-C7E78A8E386F}.Release|Any CPU.Build.0 = Release|Any CPU
		{2C87A3AB-AFED-4974-85E6-BFF21BBBCAEE}.Debug|Any CPU.ActiveCfg = Debug|Any CPU
		{2C87A3AB-AFED-4974-85E6-BFF21BBBCAEE}.Debug|Any CPU.Build.0 = Debug|Any CPU
		{2C87A3AB-AFED-4974-85E6-BFF21BBBCAEE}.Release|Any CPU.ActiveCfg = Release|Any CPU
		{2C87A3AB-AFED-4974-85E6-BFF21BBBCAEE}.Release|Any CPU.Build.0 = Release|Any CPU
		{031F0799-0E22-4360-BC45-B1474CF7965D}.Debug|Any CPU.ActiveCfg = Debug|Any CPU
		{031F0799-0E22-4360-BC45-B1474CF7965D}.Debug|Any CPU.Build.0 = Debug|Any CPU
		{031F0799-0E22-4360-BC45-B1474CF7965D}.Release|Any CPU.ActiveCfg = Release|Any CPU
		{031F0799-0E22-4360-BC45-B1474CF7965D}.Release|Any CPU.Build.0 = Release|Any CPU
		{7A813CB6-4589-4FE1-94C3-8D77761C3C72}.Debug|Any CPU.ActiveCfg = Debug|Any CPU
		{7A813CB6-4589-4FE1-94C3-8D77761C3C72}.Debug|Any CPU.Build.0 = Debug|Any CPU
		{7A813CB6-4589-4FE1-94C3-8D77761C3C72}.Release|Any CPU.ActiveCfg = Release|Any CPU
		{7A813CB6-4589-4FE1-94C3-8D77761C3C72}.Release|Any CPU.Build.0 = Release|Any CPU
		{FBA356F7-85C1-4D9E-A19D-D0336338631C}.Debug|Any CPU.ActiveCfg = Debug|Any CPU
		{FBA356F7-85C1-4D9E-A19D-D0336338631C}.Debug|Any CPU.Build.0 = Debug|Any CPU
		{FBA356F7-85C1-4D9E-A19D-D0336338631C}.Release|Any CPU.ActiveCfg = Release|Any CPU
		{FBA356F7-85C1-4D9E-A19D-D0336338631C}.Release|Any CPU.Build.0 = Release|Any CPU
		{DD81C07B-48BA-4670-99FF-9C850A41FF27}.Debug|Any CPU.ActiveCfg = Debug|Any CPU
		{DD81C07B-48BA-4670-99FF-9C850A41FF27}.Debug|Any CPU.Build.0 = Debug|Any CPU
		{DD81C07B-48BA-4670-99FF-9C850A41FF27}.Release|Any CPU.ActiveCfg = Release|Any CPU
		{DD81C07B-48BA-4670-99FF-9C850A41FF27}.Release|Any CPU.Build.0 = Release|Any CPU
	EndGlobalSection
	GlobalSection(SolutionProperties) = preSolution
		HideSolutionNode = FALSE
	EndGlobalSection
	GlobalSection(ExtensibilityGlobals) = postSolution
		SolutionGuid = {78BBD21F-3048-44E0-906B-7ABC828C241E}
	EndGlobalSection
EndGlobal
